
Microsoft Visual Studio Solution File, Format Version 10.00
# Visual Studio 2008
Project("{FAE04EC0-301F-11D3-BF4B-00C04F79EFBC}") = "lib01", "lib01\lib01.csproj", "{ACE6FCB4-F19D-4B8F-A6A1-2C5ED1048CD8}"
EndProject
Global
	GlobalSection(SolutionConfigurationPlatforms) = preSolution
		Debug|Any CPU = Debug|Any CPU
		Release|Any CPU = Release|Any CPU
	EndGlobalSection
	GlobalSection(ProjectConfigurationPlatforms) = postSolution
		{ACE6FCB4-F19D-4B8F-A6A1-2C5ED1048CD8}.Debug|Any CPU.ActiveCfg = Debug|Any CPU
		{ACE6FCB4-F19D-4B8F-A6A1-2C5ED1048CD8}.Debug|Any CPU.Build.0 = Debug|Any CPU
		{ACE6FCB4-F19D-4B8F-A6A1-2C5ED1048CD8}.Release|Any CPU.ActiveCfg = Release|Any CPU
		{ACE6FCB4-F19D-4B8F-A6A1-2C5ED1048CD8}.Release|Any CPU.Build.0 = Release|Any CPU
	EndGlobalSection
	GlobalSection(MonoDevelopProperties) = preSolution
		StartupItem = lib01\lib01.csproj
	EndGlobalSection
EndGlobal
